
Microsoft Visual Studio Solution File, Format Version 12.00
# Visual Studio Version 17
VisualStudioVersion = 17.4.33122.133
MinimumVisualStudioVersion = 10.0.40219.1
Project("{FAE04EC0-301F-11D3-BF4B-00C04F79EFBC}") = "Porto", "Porto\Porto.csproj", "{DB85D2C6-50EA-44F2-8579-0E1BD1D36F85}"
EndProject
Global
	GlobalSection(SolutionConfigurationPlatforms) = preSolution
		Debug|Any CPU = Debug|Any CPU
		Release|Any CPU = Release|Any CPU
	EndGlobalSection
	GlobalSection(ProjectConfigurationPlatforms) = postSolution
		{DB85D2C6-50EA-44F2-8579-0E1BD1D36F85}.Debug|Any CPU.ActiveCfg = Debug|Any CPU
		{DB85D2C6-50EA-44F2-8579-0E1BD1D36F85}.Debug|Any CPU.Build.0 = Debug|Any CPU
		{DB85D2C6-50EA-44F2-8579-0E1BD1D36F85}.Release|Any CPU.ActiveCfg = Release|Any CPU
		{DB85D2C6-50EA-44F2-8579-0E1BD1D36F85}.Release|Any CPU.Build.0 = Release|Any CPU
	EndGlobalSection
	GlobalSection(SolutionProperties) = preSolution
		HideSolutionNode = FALSE
	EndGlobalSection
	GlobalSection(ExtensibilityGlobals) = postSolution
		SolutionGuid = {ADEAD87C-3146-40BD-9C1C-261D089CFC38}
	EndGlobalSection
EndGlobal
